# THIS IS AN AUTOGENERATED FILE. DO NOT EDIT THIS FILE DIRECTLY.
# yarn lockfile v1


"@types/node@^7.0.10":
  version "7.10.6"
  resolved "https://registry.yarnpkg.com/@types/node/-/node-7.10.6.tgz#c42137f0f2f6458bf0c898d65f48c5f600911475"
  integrity sha512-d0BOAicT0tEdbdVQlLGOVul1kvg6YvbaADRCThGCz5NJ0e9r00SofcR1x69hmlCyrHuB6jd4cKzL9bMLjPnpAA==

typescript@^2.2.1:
  version "2.9.2"
  resolved "https://registry.yarnpkg.com/typescript/-/typescript-2.9.2.tgz#1cbf61d05d6b96269244eb6a3bce4bd914e0f00c"
  integrity sha512-Gr4p6nFNaoufRIY4NMdpQRNmgxVIGMs4Fcu/ujdYk3nAZqk7supzBE9idmvfZIlH/Cuj//dvi+019qEue9lV0w==

vscode-theme-generator@*:
  version "0.1.5"
  resolved "https://registry.yarnpkg.com/vscode-theme-generator/-/vscode-theme-generator-0.1.5.tgz#787bd07cb9cb7570740a540d644e25cde4432a55"
  integrity sha512-7uiLD9XFzBjZPjpVqILOBYrv8MhbGwQ9KzJ+PQ9kQ1BWm5bpGPIHdSSPUJXWAEwY6U/Otl9oZHpoKYK6UlH7uw==
